
Microsoft Visual Studio Solution File, Format Version 12.00
# Visual Studio Version 17
VisualStudioVersion = 17.0.32014.148
MinimumVisualStudioVersion = 10.0.40219.1
Project("{8BC9CEB8-8B4A-11D0-8D11-00A0C91BC942}") = "2.3", "2.3\2.3.vcxproj", "{2608AF6A-3B46-4E10-9D69-D917FEFDC6B0}"
EndProject
Project("{8BC9CEB8-8B4A-11D0-8D11-00A0C91BC942}") = "2.4", "2.4\2.4.vcxproj", "{391F74DA-092B-442F-817C-D95CF02D1806}"
EndProject
Project("{8BC9CEB8-8B4A-11D0-8D11-00A0C91BC942}") = "2.5", "2.5\2.5.vcxproj", "{0FC2D5D9-7064-49E2-9217-719C909E48A1}"
EndProject
Project("{8BC9CEB8-8B4A-11D0-8D11-00A0C91BC942}") = "2.6", "2.6\2.6.vcxproj", "{609765D4-30E6-4ED8-95F1-B92FDEA3B9C1}"
EndProject
Project("{8BC9CEB8-8B4A-11D0-8D11-00A0C91BC942}") = "2.7", "2.7\2.7.vcxproj", "{75F1DC10-6BD8-4E20-B751-8ED1FB343978}"
EndProject
Project("{8BC9CEB8-8B4A-11D0-8D11-00A0C91BC942}") = "2.8", "2.8\2.8.vcxproj", "{F335CC53-50D8-4F7F-B573-A95952A9ABBC}"
EndProject
Project("{8BC9CEB8-8B4A-11D0-8D11-00A0C91BC942}") = "2.9", "2.9\2.9.vcxproj", "{767DAAAF-4077-4971-9C53-2A27870D1039}"
EndProject
Project("{8BC9CEB8-8B4A-11D0-8D11-00A0C91BC942}") = "2.10", "2.10\2.10.vcxproj", "{A6251017-68BF-48CB-ABE9-2556C5723351}"
EndProject
Project("{8BC9CEB8-8B4A-11D0-8D11-00A0C91BC942}") = "2.11", "2.11\2.11.vcxproj", "{2879B09D-05EB-4479-BE5F-0281880872A0}"
EndProject
Project("{2150E333-8FDC-42A3-9474-1A3956D46DE8}") = "2", "2", "{7E0184B9-2CFC-4873-8EEE-6C874563A449}"
EndProject
Project("{2150E333-8FDC-42A3-9474-1A3956D46DE8}") = "3", "3", "{7FCAF9F4-9A56-4E13-AAED-A2FE6427F065}"
EndProject
Project("{8BC9CEB8-8B4A-11D0-8D11-00A0C91BC942}") = "3.1", "3.1\3.1.vcxproj", "{90F8ED21-7926-4E95-88B8-7A078796EBD2}"
EndProject
Project("{8BC9CEB8-8B4A-11D0-8D11-00A0C91BC942}") = "3.2", "3.2\3.2.vcxproj", "{1F745B52-AE1F-4D7D-9923-A501F882D121}"
EndProject
Project("{8BC9CEB8-8B4A-11D0-8D11-00A0C91BC942}") = "3.3", "3.3\3.3.vcxproj", "{59645511-D3BD-4B4D-9F05-8FE9AB5F7D02}"
EndProject
Project("{8BC9CEB8-8B4A-11D0-8D11-00A0C91BC942}") = "3.4", "3.4\3.4.vcxproj", "{AF70626C-90E3-4957-8254-5458013D5D3F}"
EndProject
Project("{8BC9CEB8-8B4A-11D0-8D11-00A0C91BC942}") = "3.5", "3.5\3.5.vcxproj", "{46B037B0-887F-4B9E-96AF-A8C64279C9A8}"
EndProject
Project("{2150E333-8FDC-42A3-9474-1A3956D46DE8}") = "4", "4", "{D9A452AF-5D93-425B-A6D2-737C04DD2B88}"
EndProject
Project("{8BC9CEB8-8B4A-11D0-8D11-00A0C91BC942}") = "4.1", "4.1\4.1.vcxproj", "{E09CCBD4-1511-4DB9-ACFE-FE4359FD5BAD}"
EndProject
Project("{8BC9CEB8-8B4A-11D0-8D11-00A0C91BC942}") = "4.2", "4.2\4.2.vcxproj", "{18EFFF83-FFAA-40B1-8266-275670B40BF7}"
EndProject
Project("{8BC9CEB8-8B4A-11D0-8D11-00A0C91BC942}") = "4.3", "4.3\4.3.vcxproj", "{C12177D5-944B-49A3-ABD5-B4C5BF5041F7}"
EndProject
Project("{8BC9CEB8-8B4A-11D0-8D11-00A0C91BC942}") = "4.4", "4.4\4.4.vcxproj", "{A109A55E-8CA0-4D4E-90F0-BA94714C14D8}"
EndProject
Project("{8BC9CEB8-8B4A-11D0-8D11-00A0C91BC942}") = "4.5", "4.5\4.5.vcxproj", "{2361F774-4B24-45BF-9A6B-9567EA04D1DE}"
EndProject
Project("{8BC9CEB8-8B4A-11D0-8D11-00A0C91BC942}") = "2.1", "2.1\2.1.vcxproj", "{EADB3685-883C-4DD0-8E5D-9C5506EE86CD}"
EndProject
Project("{8BC9CEB8-8B4A-11D0-8D11-00A0C91BC942}") = "2.2", "2.2\2.2.vcxproj", "{806D0C26-58E0-487F-9E76-2B1DA4B6F09C}"
EndProject
Project("{8BC9CEB8-8B4A-11D0-8D11-00A0C91BC942}") = "4.6", "4.6\4.6.vcxproj", "{3447654C-B54B-4F5E-98F8-B9EC2558DF92}"
EndProject
Project("{8BC9CEB8-8B4A-11D0-8D11-00A0C91BC942}") = "4.7", "4.7\4.7.vcxproj", "{92844475-D521-43ED-9DEF-33E434603990}"
EndProject
Project("{2150E333-8FDC-42A3-9474-1A3956D46DE8}") = "5", "5", "{8943AD22-7FEE-4BA4-B7AA-1FF5671B53A4}"
EndProject
Project("{8BC9CEB8-8B4A-11D0-8D11-00A0C91BC942}") = "5.1", "5.1\5.1.vcxproj", "{87DDD845-3772-4A9B-95CE-8B589E55CD65}"
EndProject
Project("{8BC9CEB8-8B4A-11D0-8D11-00A0C91BC942}") = "5.2", "5.2\5.2.vcxproj", "{F8A7120D-50EC-486E-9851-388EF7D5E157}"
EndProject
Project("{8BC9CEB8-8B4A-11D0-8D11-00A0C91BC942}") = "5.3", "5.3\5.3.vcxproj", "{90BB20C6-8B59-4155-889F-51FABD8EDBF3}"
EndProject
Project("{8BC9CEB8-8B4A-11D0-8D11-00A0C91BC942}") = "5.4", "5.4\5.4.vcxproj", "{03AC9DC8-D551-4C7B-842C-6F35DCC681A3}"
EndProject
Project("{8BC9CEB8-8B4A-11D0-8D11-00A0C91BC942}") = "5.5", "5.5\5.5.vcxproj", "{84A60B77-F1FB-41FE-A99F-5D3025D7599F}"
EndProject
Project("{8BC9CEB8-8B4A-11D0-8D11-00A0C91BC942}") = "5.6", "5.6\5.6.vcxproj", "{5F65FC46-F115-4F09-986C-E823C372E515}"
EndProject
Global
	GlobalSection(SolutionConfigurationPlatforms) = preSolution
		Debug|x64 = Debug|x64
		Debug|x86 = Debug|x86
		Release|x64 = Release|x64
		Release|x86 = Release|x86
	EndGlobalSection
	GlobalSection(ProjectConfigurationPlatforms) = postSolution
		{2608AF6A-3B46-4E10-9D69-D917FEFDC6B0}.Debug|x64.ActiveCfg = Debug|x64
		{2608AF6A-3B46-4E10-9D69-D917FEFDC6B0}.Debug|x64.Build.0 = Debug|x64
		{2608AF6A-3B46-4E10-9D69-D917FEFDC6B0}.Debug|x86.ActiveCfg = Debug|Win32
		{2608AF6A-3B46-4E10-9D69-D917FEFDC6B0}.Debug|x86.Build.0 = Debug|Win32
		{2608AF6A-3B46-4E10-9D69-D917FEFDC6B0}.Release|x64.ActiveCfg = Release|x64
		{2608AF6A-3B46-4E10-9D69-D917FEFDC6B0}.Release|x64.Build.0 = Release|x64
		{2608AF6A-3B46-4E10-9D69-D917FEFDC6B0}.Release|x86.ActiveCfg = Release|Win32
		{2608AF6A-3B46-4E10-9D69-D917FEFDC6B0}.Release|x86.Build.0 = Release|Win32
		{391F74DA-092B-442F-817C-D95CF02D1806}.Debug|x64.ActiveCfg = Debug|x64
		{391F74DA-092B-442F-817C-D95CF02D1806}.Debug|x64.Build.0 = Debug|x64
		{391F74DA-092B-442F-817C-D95CF02D1806}.Debug|x86.ActiveCfg = Debug|Win32
		{391F74DA-092B-442F-817C-D95CF02D1806}.Debug|x86.Build.0 = Debug|Win32
		{391F74DA-092B-442F-817C-D95CF02D1806}.Release|x64.ActiveCfg = Release|x64
		{391F74DA-092B-442F-817C-D95CF02D1806}.Release|x64.Build.0 = Release|x64
		{391F74DA-092B-442F-817C-D95CF02D1806}.Release|x86.ActiveCfg = Release|Win32
		{391F74DA-092B-442F-817C-D95CF02D1806}.Release|x86.Build.0 = Release|Win32
		{0FC2D5D9-7064-49E2-9217-719C909E48A1}.Debug|x64.ActiveCfg = Debug|x64
		{0FC2D5D9-7064-49E2-9217-719C909E48A1}.Debug|x64.Build.0 = Debug|x64
		{0FC2D5D9-7064-49E2-9217-719C909E48A1}.Debug|x86.ActiveCfg = Debug|Win32
		{0FC2D5D9-7064-49E2-9217-719C909E48A1}.Debug|x86.Build.0 = Debug|Win32
		{0FC2D5D9-7064-49E2-9217-719C909E48A1}.Release|x64.ActiveCfg = Release|x64
		{0FC2D5D9-7064-49E2-9217-719C909E48A1}.Release|x64.Build.0 = Release|x64
		{0FC2D5D9-7064-49E2-9217-719C909E48A1}.Release|x86.ActiveCfg = Release|Win32
		{0FC2D5D9-7064-49E2-9217-719C909E48A1}.Release|x86.Build.0 = Release|Win32
		{609765D4-30E6-4ED8-95F1-B92FDEA3B9C1}.Debug|x64.ActiveCfg = Debug|x64
		{609765D4-30E6-4ED8-95F1-B92FDEA3B9C1}.Debug|x64.Build.0 = Debug|x64
		{609765D4-30E6-4ED8-95F1-B92FDEA3B9C1}.Debug|x86.ActiveCfg = Debug|Win32
		{609765D4-30E6-4ED8-95F1-B92FDEA3B9C1}.Debug|x86.Build.0 = Debug|Win32
		{609765D4-30E6-4ED8-95F1-B92FDEA3B9C1}.Release|x64.ActiveCfg = Release|x64
		{609765D4-30E6-4ED8-95F1-B92FDEA3B9C1}.Release|x64.Build.0 = Release|x64
		{609765D4-30E6-4ED8-95F1-B92FDEA3B9C1}.Release|x86.ActiveCfg = Release|Win32
		{609765D4-30E6-4ED8-95F1-B92FDEA3B9C1}.Release|x86.Build.0 = Release|Win32
		{75F1DC10-6BD8-4E20-B751-8ED1FB343978}.Debug|x64.ActiveCfg = Debug|x64
		{75F1DC10-6BD8-4E20-B751-8ED1FB343978}.Debug|x64.Build.0 = Debug|x64
		{75F1DC10-6BD8-4E20-B751-8ED1FB343978}.Debug|x86.ActiveCfg = Debug|Win32
		{75F1DC10-6BD8-4E20-B751-8ED1FB343978}.Debug|x86.Build.0 = Debug|Win32
		{75F1DC10-6BD8-4E20-B751-8ED1FB343978}.Release|x64.ActiveCfg = Release|x64
		{75F1DC10-6BD8-4E20-B751-8ED1FB343978}.Release|x64.Build.0 = Release|x64
		{75F1DC10-6BD8-4E20-B751-8ED1FB343978}.Release|x86.ActiveCfg = Release|Win32
		{75F1DC10-6BD8-4E20-B751-8ED1FB343978}.Release|x86.Build.0 = Release|Win32
		{F335CC53-50D8-4F7F-B573-A95952A9ABBC}.Debug|x64.ActiveCfg = Debug|x64
		{F335CC53-50D8-4F7F-B573-A95952A9ABBC}.Debug|x64.Build.0 = Debug|x64
		{F335CC53-50D8-4F7F-B573-A95952A9ABBC}.Debug|x86.ActiveCfg = Debug|Win32
		{F335CC53-50D8-4F7F-B573-A95952A9ABBC}.Debug|x86.Build.0 = Debug|Win32
		{F335CC53-50D8-4F7F-B573-A95952A9ABBC}.Release|x64.ActiveCfg = Release|x64
		{F335CC53-50D8-4F7F-B573-A95952A9ABBC}.Release|x64.Build.0 = Release|x64
		{F335CC53-50D8-4F7F-B573-A95952A9ABBC}.Release|x86.ActiveCfg = Release|Win32
		{F335CC53-50D8-4F7F-B573-A95952A9ABBC}.Release|x86.Build.0 = Release|Win32
		{767DAAAF-4077-4971-9C53-2A27870D1039}.Debug|x64.ActiveCfg = Debug|x64
		{767DAAAF-4077-4971-9C53-2A27870D1039}.Debug|x64.Build.0 = Debug|x64
		{767DAAAF-4077-4971-9C53-2A27870D1039}.Debug|x86.ActiveCfg = Debug|Win32
		{767DAAAF-4077-4971-9C53-2A27870D1039}.Debug|x86.Build.0 = Debug|Win32
		{767DAAAF-4077-4971-9C53-2A27870D1039}.Release|x64.ActiveCfg = Release|x64
		{767DAAAF-4077-4971-9C53-2A27870D1039}.Release|x64.Build.0 = Release|x64
		{767DAAAF-4077-4971-9C53-2A27870D1039}.Release|x86.ActiveCfg = Release|Win32
		{767DAAAF-4077-4971-9C53-2A27870D1039}.Release|x86.Build.0 = Release|Win32
		{A6251017-68BF-48CB-ABE9-2556C5723351}.Debug|x64.ActiveCfg = Debug|x64
		{A6251017-68BF-48CB-ABE9-2556C5723351}.Debug|x64.Build.0 = Debug|x64
		{A6251017-68BF-48CB-ABE9-2556C5723351}.Debug|x86.ActiveCfg = Debug|Win32
		{A6251017-68BF-48CB-ABE9-2556C5723351}.Debug|x86.Build.0 = Debug|Win32
		{A6251017-68BF-48CB-ABE9-2556C5723351}.Release|x64.ActiveCfg = Release|x64
		{A6251017-68BF-48CB-ABE9-2556C5723351}.Release|x64.Build.0 = Release|x64
		{A6251017-68BF-48CB-ABE9-2556C5723351}.Release|x86.ActiveCfg = Release|Win32
		{A6251017-68BF-48CB-ABE9-2556C5723351}.Release|x86.Build.0 = Release|Win32
		{2879B09D-05EB-4479-BE5F-0281880872A0}.Debug|x64.ActiveCfg = Debug|x64
		{2879B09D-05EB-4479-BE5F-0281880872A0}.Debug|x64.Build.0 = Debug|x64
		{2879B09D-05EB-4479-BE5F-0281880872A0}.Debug|x86.ActiveCfg = Debug|Win32
		{2879B09D-05EB-4479-BE5F-0281880872A0}.Debug|x86.Build.0 = Debug|Win32
		{2879B09D-05EB-4479-BE5F-0281880872A0}.Release|x64.ActiveCfg = Release|x64
		{2879B09D-05EB-4479-BE5F-0281880872A0}.Release|x64.Build.0 = Release|x64
		{2879B09D-05EB-4479-BE5F-0281880872A0}.Release|x86.ActiveCfg = Release|Win32
		{2879B09D-05EB-4479-BE5F-0281880872A0}.Release|x86.Build.0 = Release|Win32
		{90F8ED21-7926-4E95-88B8-7A078796EBD2}.Debug|x64.ActiveCfg = Debug|x64
		{90F8ED21-7926-4E95-88B8-7A078796EBD2}.Debug|x64.Build.0 = Debug|x64
		{90F8ED21-7926-4E95-88B8-7A078796EBD2}.Debug|x86.ActiveCfg = Debug|Win32
		{90F8ED21-7926-4E95-88B8-7A078796EBD2}.Debug|x86.Build.0 = Debug|Win32
		{90F8ED21-7926-4E95-88B8-7A078796EBD2}.Release|x64.ActiveCfg = Release|x64
		{90F8ED21-7926-4E95-88B8-7A078796EBD2}.Release|x64.Build.0 = Release|x64
		{90F8ED21-7926-4E95-88B8-7A078796EBD2}.Release|x86.ActiveCfg = Release|Win32
		{90F8ED21-7926-4E95-88B8-7A078796EBD2}.Release|x86.Build.0 = Release|Win32
		{1F745B52-AE1F-4D7D-9923-A501F882D121}.Debug|x64.ActiveCfg = Debug|x64
		{1F745B52-AE1F-4D7D-9923-A501F882D121}.Debug|x64.Build.0 = Debug|x64
		{1F745B52-AE1F-4D7D-9923-A501F882D121}.Debug|x86.ActiveCfg = Debug|Win32
		{1F745B52-AE1F-4D7D-9923-A501F882D121}.Debug|x86.Build.0 = Debug|Win32
		{1F745B52-AE1F-4D7D-9923-A501F882D121}.Release|x64.ActiveCfg = Release|x64
		{1F745B52-AE1F-4D7D-9923-A501F882D121}.Release|x64.Build.0 = Release|x64
		{1F745B52-AE1F-4D7D-9923-A501F882D121}.Release|x86.ActiveCfg = Release|Win32
		{1F745B52-AE1F-4D7D-9923-A501F882D121}.Release|x86.Build.0 = Release|Win32
		{59645511-D3BD-4B4D-9F05-8FE9AB5F7D02}.Debug|x64.ActiveCfg = Debug|x64
		{59645511-D3BD-4B4D-9F05-8FE9AB5F7D02}.Debug|x64.Build.0 = Debug|x64
		{59645511-D3BD-4B4D-9F05-8FE9AB5F7D02}.Debug|x86.ActiveCfg = Debug|Win32
		{59645511-D3BD-4B4D-9F05-8FE9AB5F7D02}.Debug|x86.Build.0 = Debug|Win32
		{59645511-D3BD-4B4D-9F05-8FE9AB5F7D02}.Release|x64.ActiveCfg = Release|x64
		{59645511-D3BD-4B4D-9F05-8FE9AB5F7D02}.Release|x64.Build.0 = Release|x64
		{59645511-D3BD-4B4D-9F05-8FE9AB5F7D02}.Release|x86.ActiveCfg = Release|Win32
		{59645511-D3BD-4B4D-9F05-8FE9AB5F7D02}.Release|x86.Build.0 = Release|Win32
		{AF70626C-90E3-4957-8254-5458013D5D3F}.Debug|x64.ActiveCfg = Debug|x64
		{AF70626C-90E3-4957-8254-5458013D5D3F}.Debug|x64.Build.0 = Debug|x64
		{AF70626C-90E3-4957-8254-5458013D5D3F}.Debug|x86.ActiveCfg = Debug|Win32
		{AF70626C-90E3-4957-8254-5458013D5D3F}.Debug|x86.Build.0 = Debug|Win32
		{AF70626C-90E3-4957-8254-5458013D5D3F}.Release|x64.ActiveCfg = Release|x64
		{AF70626C-90E3-4957-8254-5458013D5D3F}.Release|x64.Build.0 = Release|x64
		{AF70626C-90E3-4957-8254-5458013D5D3F}.Release|x86.ActiveCfg = Release|Win32
		{AF70626C-90E3-4957-8254-5458013D5D3F}.Release|x86.Build.0 = Release|Win32
		{46B037B0-887F-4B9E-96AF-A8C64279C9A8}.Debug|x64.ActiveCfg = Debug|x64
		{46B037B0-887F-4B9E-96AF-A8C64279C9A8}.Debug|x64.Build.0 = Debug|x64
		{46B037B0-887F-4B9E-96AF-A8C64279C9A8}.Debug|x86.ActiveCfg = Debug|Win32
		{46B037B0-887F-4B9E-96AF-A8C64279C9A8}.Debug|x86.Build.0 = Debug|Win32
		{46B037B0-887F-4B9E-96AF-A8C64279C9A8}.Release|x64.ActiveCfg = Release|x64
		{46B037B0-887F-4B9E-96AF-A8C64279C9A8}.Release|x64.Build.0 = Release|x64
		{46B037B0-887F-4B9E-96AF-A8C64279C9A8}.Release|x86.ActiveCfg = Release|Win32
		{46B037B0-887F-4B9E-96AF-A8C64279C9A8}.Release|x86.Build.0 = Release|Win32
		{E09CCBD4-1511-4DB9-ACFE-FE4359FD5BAD}.Debug|x64.ActiveCfg = Debug|x64
		{E09CCBD4-1511-4DB9-ACFE-FE4359FD5BAD}.Debug|x64.Build.0 = Debug|x64
		{E09CCBD4-1511-4DB9-ACFE-FE4359FD5BAD}.Debug|x86.ActiveCfg = Debug|Win32
		{E09CCBD4-1511-4DB9-ACFE-FE4359FD5BAD}.Debug|x86.Build.0 = Debug|Win32
		{E09CCBD4-1511-4DB9-ACFE-FE4359FD5BAD}.Release|x64.ActiveCfg = Release|x64
		{E09CCBD4-1511-4DB9-ACFE-FE4359FD5BAD}.Release|x64.Build.0 = Release|x64
		{E09CCBD4-1511-4DB9-ACFE-FE4359FD5BAD}.Release|x86.ActiveCfg = Release|Win32
		{E09CCBD4-1511-4DB9-ACFE-FE4359FD5BAD}.Release|x86.Build.0 = Release|Win32
		{18EFFF83-FFAA-40B1-8266-275670B40BF7}.Debug|x64.ActiveCfg = Debug|x64
		{18EFFF83-FFAA-40B1-8266-275670B40BF7}.Debug|x64.Build.0 = Debug|x64
		{18EFFF83-FFAA-40B1-8266-275670B40BF7}.Debug|x86.ActiveCfg = Debug|Win32
		{18EFFF83-FFAA-40B1-8266-275670B40BF7}.Debug|x86.Build.0 = Debug|Win32
		{18EFFF83-FFAA-40B1-8266-275670B40BF7}.Release|x64.ActiveCfg = Release|x64
		{18EFFF83-FFAA-40B1-8266-275670B40BF7}.Release|x64.Build.0 = Release|x64
		{18EFFF83-FFAA-40B1-8266-275670B40BF7}.Release|x86.ActiveCfg = Release|Win32
		{18EFFF83-FFAA-40B1-8266-275670B40BF7}.Release|x86.Build.0 = Release|Win32
		{C12177D5-944B-49A3-ABD5-B4C5BF5041F7}.Debug|x64.ActiveCfg = Debug|x64
		{C12177D5-944B-49A3-ABD5-B4C5BF5041F7}.Debug|x64.Build.0 = Debug|x64
		{C12177D5-944B-49A3-ABD5-B4C5BF5041F7}.Debug|x86.ActiveCfg = Debug|Win32
		{C12177D5-944B-49A3-ABD5-B4C5BF5041F7}.Debug|x86.Build.0 = Debug|Win32
		{C12177D5-944B-49A3-ABD5-B4C5BF5041F7}.Release|x64.ActiveCfg = Release|x64
		{C12177D5-944B-49A3-ABD5-B4C5BF5041F7}.Release|x64.Build.0 = Release|x64
		{C12177D5-944B-49A3-ABD5-B4C5BF5041F7}.Release|x86.ActiveCfg = Release|Win32
		{C12177D5-944B-49A3-ABD5-B4C5BF5041F7}.Release|x86.Build.0 = Release|Win32
		{A109A55E-8CA0-4D4E-90F0-BA94714C14D8}.Debug|x64.ActiveCfg = Debug|x64
		{A109A55E-8CA0-4D4E-90F0-BA94714C14D8}.Debug|x64.Build.0 = Debug|x64
		{A109A55E-8CA0-4D4E-90F0-BA94714C14D8}.Debug|x86.ActiveCfg = Debug|Win32
		{A109A55E-8CA0-4D4E-90F0-BA94714C14D8}.Debug|x86.Build.0 = Debug|Win32
		{A109A55E-8CA0-4D4E-90F0-BA94714C14D8}.Release|x64.ActiveCfg = Release|x64
		{A109A55E-8CA0-4D4E-90F0-BA94714C14D8}.Release|x64.Build.0 = Release|x64
		{A109A55E-8CA0-4D4E-90F0-BA94714C14D8}.Release|x86.ActiveCfg = Release|Win32
		{A109A55E-8CA0-4D4E-90F0-BA94714C14D8}.Release|x86.Build.0 = Release|Win32
		{2361F774-4B24-45BF-9A6B-9567EA04D1DE}.Debug|x64.ActiveCfg = Debug|x64
		{2361F774-4B24-45BF-9A6B-9567EA04D1DE}.Debug|x64.Build.0 = Debug|x64
		{2361F774-4B24-45BF-9A6B-9567EA04D1DE}.Debug|x86.ActiveCfg = Debug|Win32
		{2361F774-4B24-45BF-9A6B-9567EA04D1DE}.Debug|x86.Build.0 = Debug|Win32
		{2361F774-4B24-45BF-9A6B-9567EA04D1DE}.Release|x64.ActiveCfg = Release|x64
		{2361F774-4B24-45BF-9A6B-9567EA04D1DE}.Release|x64.Build.0 = Release|x64
		{2361F774-4B24-45BF-9A6B-9567EA04D1DE}.Release|x86.ActiveCfg = Release|Win32
		{2361F774-4B24-45BF-9A6B-9567EA04D1DE}.Release|x86.Build.0 = Release|Win32
		{EADB3685-883C-4DD0-8E5D-9C5506EE86CD}.Debug|x64.ActiveCfg = Debug|x64
		{EADB3685-883C-4DD0-8E5D-9C5506EE86CD}.Debug|x64.Build.0 = Debug|x64
		{EADB3685-883C-4DD0-8E5D-9C5506EE86CD}.Debug|x86.ActiveCfg = Debug|Win32
		{EADB3685-883C-4DD0-8E5D-9C5506EE86CD}.Debug|x86.Build.0 = Debug|Win32
		{EADB3685-883C-4DD0-8E5D-9C5506EE86CD}.Release|x64.ActiveCfg = Release|x64
		{EADB3685-883C-4DD0-8E5D-9C5506EE86CD}.Release|x64.Build.0 = Release|x64
		{EADB3685-883C-4DD0-8E5D-9C5506EE86CD}.Release|x86.ActiveCfg = Release|Win32
		{EADB3685-883C-4DD0-8E5D-9C5506EE86CD}.Release|x86.Build.0 = Release|Win32
		{806D0C26-58E0-487F-9E76-2B1DA4B6F09C}.Debug|x64.ActiveCfg = Debug|x64
		{806D0C26-58E0-487F-9E76-2B1DA4B6F09C}.Debug|x64.Build.0 = Debug|x64
		{806D0C26-58E0-487F-9E76-2B1DA4B6F09C}.Debug|x86.ActiveCfg = Debug|Win32
		{806D0C26-58E0-487F-9E76-2B1DA4B6F09C}.Debug|x86.Build.0 = Debug|Win32
		{806D0C26-58E0-487F-9E76-2B1DA4B6F09C}.Release|x64.ActiveCfg = Release|x64
		{806D0C26-58E0-487F-9E76-2B1DA4B6F09C}.Release|x64.Build.0 = Release|x64
		{806D0C26-58E0-487F-9E76-2B1DA4B6F09C}.Release|x86.ActiveCfg = Release|Win32
		{806D0C26-58E0-487F-9E76-2B1DA4B6F09C}.Release|x86.Build.0 = Release|Win32
		{3447654C-B54B-4F5E-98F8-B9EC2558DF92}.Debug|x64.ActiveCfg = Debug|x64
		{3447654C-B54B-4F5E-98F8-B9EC2558DF92}.Debug|x64.Build.0 = Debug|x64
		{3447654C-B54B-4F5E-98F8-B9EC2558DF92}.Debug|x86.ActiveCfg = Debug|Win32
		{3447654C-B54B-4F5E-98F8-B9EC2558DF92}.Debug|x86.Build.0 = Debug|Win32
		{3447654C-B54B-4F5E-98F8-B9EC2558DF92}.Release|x64.ActiveCfg = Release|x64
		{3447654C-B54B-4F5E-98F8-B9EC2558DF92}.Release|x64.Build.0 = Release|x64
		{3447654C-B54B-4F5E-98F8-B9EC2558DF92}.Release|x86.ActiveCfg = Release|Win32
		{3447654C-B54B-4F5E-98F8-B9EC2558DF92}.Release|x86.Build.0 = Release|Win32
		{92844475-D521-43ED-9DEF-33E434603990}.Debug|x64.ActiveCfg = Debug|x64
		{92844475-D521-43ED-9DEF-33E434603990}.Debug|x64.Build.0 = Debug|x64
		{92844475-D521-43ED-9DEF-33E434603990}.Debug|x86.ActiveCfg = Debug|Win32
		{92844475-D521-43ED-9DEF-33E434603990}.Debug|x86.Build.0 = Debug|Win32
		{92844475-D521-43ED-9DEF-33E434603990}.Release|x64.ActiveCfg = Release|x64
		{92844475-D521-43ED-9DEF-33E434603990}.Release|x64.Build.0 = Release|x64
		{92844475-D521-43ED-9DEF-33E434603990}.Release|x86.ActiveCfg = Release|Win32
		{92844475-D521-43ED-9DEF-33E434603990}.Release|x86.Build.0 = Release|Win32
		{87DDD845-3772-4A9B-95CE-8B589E55CD65}.Debug|x64.ActiveCfg = Debug|x64
		{87DDD845-3772-4A9B-95CE-8B589E55CD65}.Debug|x64.Build.0 = Debug|x64
		{87DDD845-3772-4A9B-95CE-8B589E55CD65}.Debug|x86.ActiveCfg = Debug|Win32
		{87DDD845-3772-4A9B-95CE-8B589E55CD65}.Debug|x86.Build.0 = Debug|Win32
		{87DDD845-3772-4A9B-95CE-8B589E55CD65}.Release|x64.ActiveCfg = Release|x64
		{87DDD845-3772-4A9B-95CE-8B589E55CD65}.Release|x64.Build.0 = Release|x64
		{87DDD845-3772-4A9B-95CE-8B589E55CD65}.Release|x86.ActiveCfg = Release|Win32
		{87DDD845-3772-4A9B-95CE-8B589E55CD65}.Release|x86.Build.0 = Release|Win32
		{F8A7120D-50EC-486E-9851-388EF7D5E157}.Debug|x64.ActiveCfg = Debug|x64
		{F8A7120D-50EC-486E-9851-388EF7D5E157}.Debug|x64.Build.0 = Debug|x64
		{F8A7120D-50EC-486E-9851-388EF7D5E157}.Debug|x86.ActiveCfg = Debug|Win32
		{F8A7120D-50EC-486E-9851-388EF7D5E157}.Debug|x86.Build.0 = Debug|Win32
		{F8A7120D-50EC-486E-9851-388EF7D5E157}.Release|x64.ActiveCfg = Release|x64
		{F8A7120D-50EC-486E-9851-388EF7D5E157}.Release|x64.Build.0 = Release|x64
		{F8A7120D-50EC-486E-9851-388EF7D5E157}.Release|x86.ActiveCfg = Release|Win32
		{F8A7120D-50EC-486E-9851-388EF7D5E157}.Release|x86.Build.0 = Release|Win32
		{90BB20C6-8B59-4155-889F-51FABD8EDBF3}.Debug|x64.ActiveCfg = Debug|x64
		{90BB20C6-8B59-4155-889F-51FABD8EDBF3}.Debug|x64.Build.0 = Debug|x64
		{90BB20C6-8B59-4155-889F-51FABD8EDBF3}.Debug|x86.ActiveCfg = Debug|Win32
		{90BB20C6-8B59-4155-889F-51FABD8EDBF3}.Debug|x86.Build.0 = Debug|Win32
		{90BB20C6-8B59-4155-889F-51FABD8EDBF3}.Release|x64.ActiveCfg = Release|x64
		{90BB20C6-8B59-4155-889F-51FABD8EDBF3}.Release|x64.Build.0 = Release|x64
		{90BB20C6-8B59-4155-889F-51FABD8EDBF3}.Release|x86.ActiveCfg = Release|Win32
		{90BB20C6-8B59-4155-889F-51FABD8EDBF3}.Release|x86.Build.0 = Release|Win32
		{03AC9DC8-D551-4C7B-842C-6F35DCC681A3}.Debug|x64.ActiveCfg = Debug|x64
		{03AC9DC8-D551-4C7B-842C-6F35DCC681A3}.Debug|x64.Build.0 = Debug|x64
		{03AC9DC8-D551-4C7B-842C-6F35DCC681A3}.Debug|x86.ActiveCfg = Debug|Win32
		{03AC9DC8-D551-4C7B-842C-6F35DCC681A3}.Debug|x86.Build.0 = Debug|Win32
		{03AC9DC8-D551-4C7B-842C-6F35DCC681A3}.Release|x64.ActiveCfg = Release|x64
		{03AC9DC8-D551-4C7B-842C-6F35DCC681A3}.Release|x64.Build.0 = Release|x64
		{03AC9DC8-D551-4C7B-842C-6F35DCC681A3}.Release|x86.ActiveCfg = Release|Win32
		{03AC9DC8-D551-4C7B-842C-6F35DCC681A3}.Release|x86.Build.0 = Release|Win32
		{84A60B77-F1FB-41FE-A99F-5D3025D7599F}.Debug|x64.ActiveCfg = Debug|x64
		{84A60B77-F1FB-41FE-A99F-5D3025D7599F}.Debug|x64.Build.0 = Debug|x64
		{84A60B77-F1FB-41FE-A99F-5D3025D7599F}.Debug|x86.ActiveCfg = Debug|Win32
		{84A60B77-F1FB-41FE-A99F-5D3025D7599F}.Debug|x86.Build.0 = Debug|Win32
		{84A60B77-F1FB-41FE-A99F-5D3025D7599F}.Release|x64.ActiveCfg = Release|x64
		{84A60B77-F1FB-41FE-A99F-5D3025D7599F}.Release|x64.Build.0 = Release|x64
		{84A60B77-F1FB-41FE-A99F-5D3025D7599F}.Release|x86.ActiveCfg = Release|Win32
		{84A60B77-F1FB-41FE-A99F-5D3025D7599F}.Release|x86.Build.0 = Release|Win32
		{5F65FC46-F115-4F09-986C-E823C372E515}.Debug|x64.ActiveCfg = Debug|x64
		{5F65FC46-F115-4F09-986C-E823C372E515}.Debug|x64.Build.0 = Debug|x64
		{5F65FC46-F115-4F09-986C-E823C372E515}.Debug|x86.ActiveCfg = Debug|Win32
		{5F65FC46-F115-4F09-986C-E823C372E515}.Debug|x86.Build.0 = Debug|Win32
		{5F65FC46-F115-4F09-986C-E823C372E515}.Release|x64.ActiveCfg = Release|x64
		{5F65FC46-F115-4F09-986C-E823C372E515}.Release|x64.Build.0 = Release|x64
		{5F65FC46-F115-4F09-986C-E823C372E515}.Release|x86.ActiveCfg = Release|Win32
		{5F65FC46-F115-4F09-986C-E823C372E515}.Release|x86.Build.0 = Release|Win32
	EndGlobalSection
	GlobalSection(SolutionProperties) = preSolution
		HideSolutionNode = FALSE
	EndGlobalSection
	GlobalSection(NestedProjects) = preSolution
		{2608AF6A-3B46-4E10-9D69-D917FEFDC6B0} = {7E0184B9-2CFC-4873-8EEE-6C874563A449}
		{391F74DA-092B-442F-817C-D95CF02D1806} = {7E0184B9-2CFC-4873-8EEE-6C874563A449}
		{0FC2D5D9-7064-49E2-9217-719C909E48A1} = {7E0184B9-2CFC-4873-8EEE-6C874563A449}
		{609765D4-30E6-4ED8-95F1-B92FDEA3B9C1} = {7E0184B9-2CFC-4873-8EEE-6C874563A449}
		{75F1DC10-6BD8-4E20-B751-8ED1FB343978} = {7E0184B9-2CFC-4873-8EEE-6C874563A449}
		{F335CC53-50D8-4F7F-B573-A95952A9ABBC} = {7E0184B9-2CFC-4873-8EEE-6C874563A449}
		{767DAAAF-4077-4971-9C53-2A27870D1039} = {7E0184B9-2CFC-4873-8EEE-6C874563A449}
		{A6251017-68BF-48CB-ABE9-2556C5723351} = {7E0184B9-2CFC-4873-8EEE-6C874563A449}
		{2879B09D-05EB-4479-BE5F-0281880872A0} = {7E0184B9-2CFC-4873-8EEE-6C874563A449}
		{90F8ED21-7926-4E95-88B8-7A078796EBD2} = {7FCAF9F4-9A56-4E13-AAED-A2FE6427F065}
		{1F745B52-AE1F-4D7D-9923-A501F882D121} = {7FCAF9F4-9A56-4E13-AAED-A2FE6427F065}
		{59645511-D3BD-4B4D-9F05-8FE9AB5F7D02} = {7FCAF9F4-9A56-4E13-AAED-A2FE6427F065}
		{AF70626C-90E3-4957-8254-5458013D5D3F} = {7FCAF9F4-9A56-4E13-AAED-A2FE6427F065}
		{46B037B0-887F-4B9E-96AF-A8C64279C9A8} = {7FCAF9F4-9A56-4E13-AAED-A2FE6427F065}
		{E09CCBD4-1511-4DB9-ACFE-FE4359FD5BAD} = {D9A452AF-5D93-425B-A6D2-737C04DD2B88}
		{18EFFF83-FFAA-40B1-8266-275670B40BF7} = {D9A452AF-5D93-425B-A6D2-737C04DD2B88}
		{C12177D5-944B-49A3-ABD5-B4C5BF5041F7} = {D9A452AF-5D93-425B-A6D2-737C04DD2B88}
		{A109A55E-8CA0-4D4E-90F0-BA94714C14D8} = {D9A452AF-5D93-425B-A6D2-737C04DD2B88}
		{2361F774-4B24-45BF-9A6B-9567EA04D1DE} = {D9A452AF-5D93-425B-A6D2-737C04DD2B88}
		{EADB3685-883C-4DD0-8E5D-9C5506EE86CD} = {7E0184B9-2CFC-4873-8EEE-6C874563A449}
		{806D0C26-58E0-487F-9E76-2B1DA4B6F09C} = {7E0184B9-2CFC-4873-8EEE-6C874563A449}
		{3447654C-B54B-4F5E-98F8-B9EC2558DF92} = {D9A452AF-5D93-425B-A6D2-737C04DD2B88}
		{92844475-D521-43ED-9DEF-33E434603990} = {D9A452AF-5D93-425B-A6D2-737C04DD2B88}
		{87DDD845-3772-4A9B-95CE-8B589E55CD65} = {8943AD22-7FEE-4BA4-B7AA-1FF5671B53A4}
		{F8A7120D-50EC-486E-9851-388EF7D5E157} = {8943AD22-7FEE-4BA4-B7AA-1FF5671B53A4}
		{90BB20C6-8B59-4155-889F-51FABD8EDBF3} = {8943AD22-7FEE-4BA4-B7AA-1FF5671B53A4}
		{03AC9DC8-D551-4C7B-842C-6F35DCC681A3} = {8943AD22-7FEE-4BA4-B7AA-1FF5671B53A4}
		{84A60B77-F1FB-41FE-A99F-5D3025D7599F} = {8943AD22-7FEE-4BA4-B7AA-1FF5671B53A4}
		{5F65FC46-F115-4F09-986C-E823C372E515} = {8943AD22-7FEE-4BA4-B7AA-1FF5671B53A4}
	EndGlobalSection
	GlobalSection(ExtensibilityGlobals) = postSolution
		SolutionGuid = {00FBDFD3-D362-4C15-811A-997D494722C8}
	EndGlobalSection
EndGlobal
